
Microsoft Visual Studio Solution File, Format Version 12.00
# Visual Studio Version 17
VisualStudioVersion = 17.0.32014.148
MinimumVisualStudioVersion = 10.0.40219.1
Project("{9A19103F-16F7-4668-BE54-9A1E7A4F7556}") = "BACKEND", "BACKEND\BACKEND.csproj", "{91F46EA0-6BC5-4368-93CF-2F47748B67FC}"
EndProject
Project("{9A19103F-16F7-4668-BE54-9A1E7A4F7556}") = "IDENTITY", "IDENTITY\IDENTITY.csproj", "{39B0C8D9-38D3-4CCB-83D6-E33E0458CF09}"
EndProject
Project("{9A19103F-16F7-4668-BE54-9A1E7A4F7556}") = "FRONTEND", "FRONTEND\FRONTEND.csproj", "{F69CB768-3695-43D2-8E02-D1A89D0E7794}"
EndProject
Project("{9A19103F-16F7-4668-BE54-9A1E7A4F7556}") = "COMMON", "COMMON\COMMON.csproj", "{DC8AB496-FF1D-4939-9359-C3C49594EF7C}"
EndProject
Project("{FAE04EC0-301F-11D3-BF4B-00C04F79EFBC}") = "EFCORE", "EFCORE\EFCORE.csproj", "{1F8EDA1D-2CB1-4843-8506-56FE27F0E854}"
EndProject
Project("{FAE04EC0-301F-11D3-BF4B-00C04F79EFBC}") = "MIGRATIONS", "MIGRATIONS\MIGRATIONS.csproj", "{E556F102-89D3-41CC-8A8A-FCD88C1E31DD}"
EndProject
Project("{2150E333-8FDC-42A3-9474-1A3956D46DE8}") = "Libs", "Libs", "{8D9806A3-89F1-4C98-96CF-DDE8F442DB3F}"
EndProject
Global
	GlobalSection(SolutionConfigurationPlatforms) = preSolution
		Debug|Any CPU = Debug|Any CPU
		Release|Any CPU = Release|Any CPU
	EndGlobalSection
	GlobalSection(ProjectConfigurationPlatforms) = postSolution
		{91F46EA0-6BC5-4368-93CF-2F47748B67FC}.Debug|Any CPU.ActiveCfg = Debug|Any CPU
		{91F46EA0-6BC5-4368-93CF-2F47748B67FC}.Debug|Any CPU.Build.0 = Debug|Any CPU
		{91F46EA0-6BC5-4368-93CF-2F47748B67FC}.Release|Any CPU.ActiveCfg = Release|Any CPU
		{91F46EA0-6BC5-4368-93CF-2F47748B67FC}.Release|Any CPU.Build.0 = Release|Any CPU
		{39B0C8D9-38D3-4CCB-83D6-E33E0458CF09}.Debug|Any CPU.ActiveCfg = Debug|Any CPU
		{39B0C8D9-38D3-4CCB-83D6-E33E0458CF09}.Debug|Any CPU.Build.0 = Debug|Any CPU
		{39B0C8D9-38D3-4CCB-83D6-E33E0458CF09}.Release|Any CPU.ActiveCfg = Release|Any CPU
		{39B0C8D9-38D3-4CCB-83D6-E33E0458CF09}.Release|Any CPU.Build.0 = Release|Any CPU
		{F69CB768-3695-43D2-8E02-D1A89D0E7794}.Debug|Any CPU.ActiveCfg = Debug|Any CPU
		{F69CB768-3695-43D2-8E02-D1A89D0E7794}.Debug|Any CPU.Build.0 = Debug|Any CPU
		{F69CB768-3695-43D2-8E02-D1A89D0E7794}.Release|Any CPU.ActiveCfg = Release|Any CPU
		{F69CB768-3695-43D2-8E02-D1A89D0E7794}.Release|Any CPU.Build.0 = Release|Any CPU
		{DC8AB496-FF1D-4939-9359-C3C49594EF7C}.Debug|Any CPU.ActiveCfg = Debug|Any CPU
		{DC8AB496-FF1D-4939-9359-C3C49594EF7C}.Debug|Any CPU.Build.0 = Debug|Any CPU
		{DC8AB496-FF1D-4939-9359-C3C49594EF7C}.Release|Any CPU.ActiveCfg = Release|Any CPU
		{DC8AB496-FF1D-4939-9359-C3C49594EF7C}.Release|Any CPU.Build.0 = Release|Any CPU
		{1F8EDA1D-2CB1-4843-8506-56FE27F0E854}.Debug|Any CPU.ActiveCfg = Debug|Any CPU
		{1F8EDA1D-2CB1-4843-8506-56FE27F0E854}.Debug|Any CPU.Build.0 = Debug|Any CPU
		{1F8EDA1D-2CB1-4843-8506-56FE27F0E854}.Release|Any CPU.ActiveCfg = Release|Any CPU
		{1F8EDA1D-2CB1-4843-8506-56FE27F0E854}.Release|Any CPU.Build.0 = Release|Any CPU
		{E556F102-89D3-41CC-8A8A-FCD88C1E31DD}.Debug|Any CPU.ActiveCfg = Debug|Any CPU
		{E556F102-89D3-41CC-8A8A-FCD88C1E31DD}.Debug|Any CPU.Build.0 = Debug|Any CPU
		{E556F102-89D3-41CC-8A8A-FCD88C1E31DD}.Release|Any CPU.ActiveCfg = Release|Any CPU
		{E556F102-89D3-41CC-8A8A-FCD88C1E31DD}.Release|Any CPU.Build.0 = Release|Any CPU
	EndGlobalSection
	GlobalSection(SolutionProperties) = preSolution
		HideSolutionNode = FALSE
	EndGlobalSection
	GlobalSection(NestedProjects) = preSolution
		{DC8AB496-FF1D-4939-9359-C3C49594EF7C} = {8D9806A3-89F1-4C98-96CF-DDE8F442DB3F}
		{1F8EDA1D-2CB1-4843-8506-56FE27F0E854} = {8D9806A3-89F1-4C98-96CF-DDE8F442DB3F}
		{E556F102-89D3-41CC-8A8A-FCD88C1E31DD} = {8D9806A3-89F1-4C98-96CF-DDE8F442DB3F}
	EndGlobalSection
	GlobalSection(ExtensibilityGlobals) = postSolution
		SolutionGuid = {CC15402C-5263-426B-9484-1F95B8C67B50}
	EndGlobalSection
EndGlobal
